
Microsoft Visual Studio Solution File, Format Version 12.00
# Visual Studio Version 17
VisualStudioVersion = 17.5.33424.131
MinimumVisualStudioVersion = 10.0.40219.1
Project("{FAE04EC0-301F-11D3-BF4B-00C04F79EFBC}") = "Ticket-System", "Ticket-System\Ticket-System.csproj", "{D7B67B63-C398-449A-81D7-1E5D03CE3699}"
EndProject
Global
	GlobalSection(SolutionConfigurationPlatforms) = preSolution
		Debug|Any CPU = Debug|Any CPU
		Release|Any CPU = Release|Any CPU
	EndGlobalSection
	GlobalSection(ProjectConfigurationPlatforms) = postSolution
		{D7B67B63-C398-449A-81D7-1E5D03CE3699}.Debug|Any CPU.ActiveCfg = Debug|Any CPU
		{D7B67B63-C398-449A-81D7-1E5D03CE3699}.Debug|Any CPU.Build.0 = Debug|Any CPU
		{D7B67B63-C398-449A-81D7-1E5D03CE3699}.Release|Any CPU.ActiveCfg = Release|Any CPU
		{D7B67B63-C398-449A-81D7-1E5D03CE3699}.Release|Any CPU.Build.0 = Release|Any CPU
	EndGlobalSection
	GlobalSection(SolutionProperties) = preSolution
		HideSolutionNode = FALSE
	EndGlobalSection
	GlobalSection(ExtensibilityGlobals) = postSolution
		SolutionGuid = {0768F4E3-7938-4D5D-B2CB-735DF6D9B3FA}
	EndGlobalSection
EndGlobal
